{
  "meteor": {},
  "dependencies": {
    "basePackages": {
      "collection2": {}
    },
    "packages": {
      "collection2": {
        "git": "https://github.com/aldeed/meteor-collection2.git",
        "tag": "v0.3.8",
        "commit": "69aff2a21ba3c382f915e1f9dbcca2ad38edb6d5"
      },
      "simple-schema": {
        "git": "https://github.com/aldeed/meteor-simple-schema.git",
        "tag": "v0.2.39",
        "commit": "02afc77cba60ce5829e453567ebac76e4b69bc81"
      }
    }
  }
}
